
Microsoft Visual Studio Solution File, Format Version 12.00
# Visual Studio Version 17
VisualStudioVersion = 17.3.32804.467
MinimumVisualStudioVersion = 10.0.40219.1
Project("{FAE04EC0-301F-11D3-BF4B-00C04F79EFBC}") = "WF_CalcularIMC", "WF_CalcularIMC.csproj", "{7A6543C9-4E51-48DF-BF53-B5744166177A}"
EndProject
Global
	GlobalSection(SolutionConfigurationPlatforms) = preSolution
		Debug|Any CPU = Debug|Any CPU
		Release|Any CPU = Release|Any CPU
	EndGlobalSection
	GlobalSection(ProjectConfigurationPlatforms) = postSolution
		{7A6543C9-4E51-48DF-BF53-B5744166177A}.Debug|Any CPU.ActiveCfg = Debug|Any CPU
		{7A6543C9-4E51-48DF-BF53-B5744166177A}.Debug|Any CPU.Build.0 = Debug|Any CPU
		{7A6543C9-4E51-48DF-BF53-B5744166177A}.Release|Any CPU.ActiveCfg = Release|Any CPU
		{7A6543C9-4E51-48DF-BF53-B5744166177A}.Release|Any CPU.Build.0 = Release|Any CPU
	EndGlobalSection
	GlobalSection(SolutionProperties) = preSolution
		HideSolutionNode = FALSE
	EndGlobalSection
	GlobalSection(ExtensibilityGlobals) = postSolution
		SolutionGuid = {CB4634CA-479C-4480-817D-26F3B2361225}
	EndGlobalSection
EndGlobal
